
Microsoft Visual Studio Solution File, Format Version 12.00
# Visual Studio 15
VisualStudioVersion = 15.0.27703.2047
MinimumVisualStudioVersion = 10.0.40219.1
Project("{FAE04EC0-301F-11D3-BF4B-00C04F79EFBC}") = "VAF13.BackupService", "VAF13.BackupService\VAF13.BackupService.csproj", "{BF21AC55-06C9-48D5-8FF9-89A0DC53F77D}"
EndProject
Project("{FAE04EC0-301F-11D3-BF4B-00C04F79EFBC}") = "VAF13.Settings", "VAF13.Settings\VAF13.Settings.csproj", "{CD9A729D-91F1-439E-A4E2-23B76DF0DD68}"
EndProject
Project("{FAE04EC0-301F-11D3-BF4B-00C04F79EFBC}") = "VAF13.LogSettings", "VAF13.LogSettings\VAF13.LogSettings.csproj", "{7B57DA5C-EBAC-4B2E-9957-36CA5D16689E}"
EndProject
Project("{FAE04EC0-301F-11D3-BF4B-00C04F79EFBC}") = "VAF13.Queries", "VAF13.Queries\VAF13.Queries.csproj", "{EB795184-F6C6-4AE7-89F2-2CE5804BA732}"
EndProject
Project("{FAE04EC0-301F-11D3-BF4B-00C04F79EFBC}") = "VAF13.Commands", "VAF13.Commands\VAF13.Commands.csproj", "{B770E31D-1A7B-4BF7-A29D-CF02ACE9CB0F}"
EndProject
Global
	GlobalSection(SolutionConfigurationPlatforms) = preSolution
		Debug|Any CPU = Debug|Any CPU
		Release|Any CPU = Release|Any CPU
	EndGlobalSection
	GlobalSection(ProjectConfigurationPlatforms) = postSolution
		{BF21AC55-06C9-48D5-8FF9-89A0DC53F77D}.Debug|Any CPU.ActiveCfg = Debug|Any CPU
		{BF21AC55-06C9-48D5-8FF9-89A0DC53F77D}.Debug|Any CPU.Build.0 = Debug|Any CPU
		{BF21AC55-06C9-48D5-8FF9-89A0DC53F77D}.Release|Any CPU.ActiveCfg = Release|Any CPU
		{BF21AC55-06C9-48D5-8FF9-89A0DC53F77D}.Release|Any CPU.Build.0 = Release|Any CPU
		{CD9A729D-91F1-439E-A4E2-23B76DF0DD68}.Debug|Any CPU.ActiveCfg = Debug|Any CPU
		{CD9A729D-91F1-439E-A4E2-23B76DF0DD68}.Debug|Any CPU.Build.0 = Debug|Any CPU
		{CD9A729D-91F1-439E-A4E2-23B76DF0DD68}.Release|Any CPU.ActiveCfg = Release|Any CPU
		{CD9A729D-91F1-439E-A4E2-23B76DF0DD68}.Release|Any CPU.Build.0 = Release|Any CPU
		{7B57DA5C-EBAC-4B2E-9957-36CA5D16689E}.Debug|Any CPU.ActiveCfg = Debug|Any CPU
		{7B57DA5C-EBAC-4B2E-9957-36CA5D16689E}.Debug|Any CPU.Build.0 = Debug|Any CPU
		{7B57DA5C-EBAC-4B2E-9957-36CA5D16689E}.Release|Any CPU.ActiveCfg = Release|Any CPU
		{7B57DA5C-EBAC-4B2E-9957-36CA5D16689E}.Release|Any CPU.Build.0 = Release|Any CPU
		{EB795184-F6C6-4AE7-89F2-2CE5804BA732}.Debug|Any CPU.ActiveCfg = Debug|Any CPU
		{EB795184-F6C6-4AE7-89F2-2CE5804BA732}.Debug|Any CPU.Build.0 = Debug|Any CPU
		{EB795184-F6C6-4AE7-89F2-2CE5804BA732}.Release|Any CPU.ActiveCfg = Release|Any CPU
		{EB795184-F6C6-4AE7-89F2-2CE5804BA732}.Release|Any CPU.Build.0 = Release|Any CPU
		{B770E31D-1A7B-4BF7-A29D-CF02ACE9CB0F}.Debug|Any CPU.ActiveCfg = Debug|Any CPU
		{B770E31D-1A7B-4BF7-A29D-CF02ACE9CB0F}.Debug|Any CPU.Build.0 = Debug|Any CPU
		{B770E31D-1A7B-4BF7-A29D-CF02ACE9CB0F}.Release|Any CPU.ActiveCfg = Release|Any CPU
		{B770E31D-1A7B-4BF7-A29D-CF02ACE9CB0F}.Release|Any CPU.Build.0 = Release|Any CPU
	EndGlobalSection
	GlobalSection(SolutionProperties) = preSolution
		HideSolutionNode = FALSE
	EndGlobalSection
	GlobalSection(ExtensibilityGlobals) = postSolution
		SolutionGuid = {3640D82A-0D20-4CF9-A5B5-B8DB6B9035D5}
	EndGlobalSection
EndGlobal
